<?xml version="1.0" encoding="utf-8"?>
<Project ToolsVersion="4.0" xmlns="http://schemas.microsoft.com/developer/msbuild/2003">
  <ItemGroup>
    <Filter Include="Source Files">
      <UniqueIdentifier>{4FC737F1-C7A5-4376-A066-2A32D752A2FF}</UniqueIdentifier>
      <Extensions>cpp;c;cc;cxx;def;odl;idl;hpj;bat;asm;asmx</Extensions>
    </Filter>
    <Filter Include="Header Files">
      <UniqueIdentifier>{93995380-89BD-4b04-88EB-625FBE52EBFB}</UniqueIdentifier>
      <Extensions>h;hh;hpp;hxx;hm;inl;inc;xsd</Extensions>
    </Filter>
    <Filter Include="Resource Files">
      <UniqueIdentifier>{67DA6AB6-F800-4c08-8B7A-83BB121AAD01}</UniqueIdentifier>
      <Extensions>rc;ico;cur;bmp;dlg;rc2;rct;bin;rgs;gif;jpg;jpeg;jpe;resx;tiff;tif;png;wav</Extensions>
    </Filter>
  </ItemGroup>
  <ItemGroup>
    <None Include="intermediate\CachedAssetRegistry.bin">
      <Filter>Resource Files</Filter>
    </None>
    <None Include="intermediate\assetregistrycache\029701f5.bin">
      <Filter>Resource Files</Filter>
    </None>
    <None Include="intermediate\assetregistrycache\12424d50.bin">
      <Filter>Resource Files</Filter>
    </None>
    <None Include="intermediate\assetregistrycache\12a5dbed.bin">
      <Filter>Resource Files</Filter>
    </None>
    <None Include="intermediate\assetregistrycache\15faef5b.bin">
      <Filter>Resource Files</Filter>
    </None>
    <None Include="intermediate\assetregistrycache\169d2c4d.bin">
      <Filter>Resource Files</Filter>
    </None>
    <None Include="intermediate\assetregistrycache\1d5167fa.bin">
      <Filter>Resource Files</Filter>
    </None>
    <None Include="intermediate\assetregistrycache\1f683343.bin">
      <Filter>Resource Files</Filter>
    </None>
    <None Include="intermediate\assetregistrycache\2657c409.bin">
      <Filter>Resource Files</Filter>
    </None>
    <None Include="intermediate\assetregistrycache\26b732ab.bin">
      <Filter>Resource Files</Filter>
    </None>
    <None Include="intermediate\assetregistrycache\28fa033d.bin">
      <Filter>Resource Files</Filter>
    </None>
    <None Include="intermediate\assetregistrycache\29c3675e.bin">
      <Filter>Resource Files</Filter>
    </None>
    <None Include="intermediate\assetregistrycache\2bf1a9dd.bin">
      <Filter>Resource Files</Filter>
    </None>
    <None Include="intermediate\assetregistrycache\30e2b9c2.bin">
      <Filter>Resource Files</Filter>
    </None>
    <None Include="intermediate\assetregistrycache\44c3f9c9.bin">
      <Filter>Resource Files</Filter>
    </None>
    <None Include="intermediate\assetregistrycache\50a675f9.bin">
      <Filter>Resource Files</Filter>
    </None>
    <None Include="intermediate\assetregistrycache\52ed2538.bin">
      <Filter>Resource Files</Filter>
    </None>
    <None Include="intermediate\assetregistrycache\5a627529.bin">
      <Filter>Resource Files</Filter>
    </None>
    <None Include="intermediate\assetregistrycache\6aeb273c.bin">
      <Filter>Resource Files</Filter>
    </None>
    <None Include="intermediate\assetregistrycache\6c5c2076.bin">
      <Filter>Resource Files</Filter>
    </None>
    <None Include="intermediate\assetregistrycache\7088d2e9.bin">
      <Filter>Resource Files</Filter>
    </None>
    <None Include="intermediate\assetregistrycache\7171c631.bin">
      <Filter>Resource Files</Filter>
    </None>
    <None Include="intermediate\assetregistrycache\866581fd.bin">
      <Filter>Resource Files</Filter>
    </None>
    <None Include="intermediate\assetregistrycache\8b9f8553.bin">
      <Filter>Resource Files</Filter>
    </None>
    <None Include="intermediate\assetregistrycache\8c0e1344.bin">
      <Filter>Resource Files</Filter>
    </None>
    <None Include="intermediate\assetregistrycache\8e9331e2.bin">
      <Filter>Resource Files</Filter>
    </None>
    <None Include="intermediate\assetregistrycache\94c5d5a7.bin">
      <Filter>Resource Files</Filter>
    </None>
    <None Include="intermediate\assetregistrycache\995fc7f5.bin">
      <Filter>Resource Files</Filter>
    </None>
    <None Include="intermediate\assetregistrycache\a39ccbb5.bin">
      <Filter>Resource Files</Filter>
    </None>
    <None Include="intermediate\assetregistrycache\b2d34d35.bin">
      <Filter>Resource Files</Filter>
    </None>
    <None Include="intermediate\assetregistrycache\bf121eca.bin">
      <Filter>Resource Files</Filter>
    </None>
    <None Include="intermediate\assetregistrycache\c05c0897.bin">
      <Filter>Resource Files</Filter>
    </None>
    <None Include="intermediate\assetregistrycache\c36c8202.bin">
      <Filter>Resource Files</Filter>
    </None>
    <None Include="intermediate\assetregistrycache\c9e91a3f.bin">
      <Filter>Resource Files</Filter>
    </None>
    <None Include="intermediate\assetregistrycache\ccc5a7ee.bin">
      <Filter>Resource Files</Filter>
    </None>
    <None Include="intermediate\assetregistrycache\cef2e191.bin">
      <Filter>Resource Files</Filter>
    </None>
    <None Include="intermediate\assetregistrycache\cff8f772.bin">
      <Filter>Resource Files</Filter>
    </None>
    <None Include="intermediate\assetregistrycache\d671500b.bin">
      <Filter>Resource Files</Filter>
    </None>
    <None Include="intermediate\assetregistrycache\f09d6b29.bin">
      <Filter>Resource Files</Filter>
    </None>
    <None Include="intermediate\assetregistrycache\f0d5030c.bin">
      <Filter>Resource Files</Filter>
    </None>
    <None Include="intermediate\assetregistrycache\f8242d67.bin">
      <Filter>Resource Files</Filter>
    </None>
    <None Include="intermediate\reimportcache\3688439234.bin">
      <Filter>Resource Files</Filter>
    </None>
  </ItemGroup>
</Project>